
Microsoft Visual Studio Solution File, Format Version 12.00
# Visual Studio Version 17
VisualStudioVersion = 17.13.35931.197 d17.13
MinimumVisualStudioVersion = 10.0.40219.1
Project("{FAE04EC0-301F-11D3-BF4B-00C04F79EFBC}") = "ShamanBindBuff", "ShamanBindBuff.csproj", "{F0EB54F5-E4F4-9D76-2AB5-BC8BE42E9E04}"
EndProject
Global
	GlobalSection(SolutionConfigurationPlatforms) = preSolution
		Debug|Any CPU = Debug|Any CPU
		Release|Any CPU = Release|Any CPU
	EndGlobalSection
	GlobalSection(ProjectConfigurationPlatforms) = postSolution
		{F0EB54F5-E4F4-9D76-2AB5-BC8BE42E9E04}.Debug|Any CPU.ActiveCfg = Debug|Any CPU
		{F0EB54F5-E4F4-9D76-2AB5-BC8BE42E9E04}.Debug|Any CPU.Build.0 = Debug|Any CPU
		{F0EB54F5-E4F4-9D76-2AB5-BC8BE42E9E04}.Release|Any CPU.ActiveCfg = Release|Any CPU
		{F0EB54F5-E4F4-9D76-2AB5-BC8BE42E9E04}.Release|Any CPU.Build.0 = Release|Any CPU
	EndGlobalSection
	GlobalSection(SolutionProperties) = preSolution
		HideSolutionNode = FALSE
	EndGlobalSection
	GlobalSection(ExtensibilityGlobals) = postSolution
		SolutionGuid = {1916A4DD-6FA6-451E-A9A2-010553E1D214}
	EndGlobalSection
EndGlobal
